PODS:
  - Flutter (1.0.0)
  - flutter_secure_storage (6.0.0):
    - Flutter
  - image_picker_ios (0.0.1):
    - Flutter
  - Stripe (26.3.0):
    - StripeApplePay (= 26.3.0)
    - StripeCore (= 26.3.0)
    - StripeIssuing (= 26.3.0)
    - StripePayments (= 26.3.0)
    - StripePaymentsUI (= 26.3.0)
    - StripeUICore (= 26.3.0)
  - stripe_ios (0.0.1):
    - Flutter
    - Stripe (~> 26.3.0)
    - stripe_ios/stripe_ios (= 0.0.1)
    - stripe_ios/stripe_objc (= 0.0.1)
    - StripeApplePay (~> 26.3.0)
    - StripeFinancialConnections (~> 26.3.0)
    - StripePayments (~> 26.3.0)
    - StripePaymentSheet (~> 26.3.0)
    - StripePaymentsUI (~> 26.3.0)
  - stripe_ios/stripe_ios (0.0.1):
    - Flutter
    - Stripe (~> 26.3.0)
    - stripe_ios/stripe_objc
    - StripeApplePay (~> 26.3.0)
    - StripeFinancialConnections (~> 26.3.0)
    - StripePayments (~> 26.3.0)
    - StripePaymentSheet (~> 26.3.0)
    - StripePaymentsUI (~> 26.3.0)
  - stripe_ios/stripe_objc (0.0.1):
    - Flutter
    - Stripe (~> 26.3.0)
    - StripeApplePay (~> 26.3.0)
    - StripeFinancialConnections (~> 26.3.0)
    - StripePayments (~> 26.3.0)
    - StripePaymentSheet (~> 26.3.0)
    - StripePaymentsUI (~> 26.3.0)
  - StripeApplePay (26.3.0):
    - StripeCore (= 26.3.0)
  - StripeCore (26.3.0)
  - StripeFinancialConnections (26.3.0):
    - StripeCore (= 26.3.0)
    - StripeUICore (= 26.3.0)
  - StripeIssuing (26.3.0):
    - StripeCore (= 26.3.0)
    - StripePayments (= 26.3.0)
    - StripePaymentsUI (= 26.3.0)
  - StripePayments (26.3.0):
    - StripeCore (= 26.3.0)
    - StripePayments/Stripe3DS2 (= 26.3.0)
  - StripePayments/Stripe3DS2 (26.3.0):
    - StripeCore (= 26.3.0)
  - StripePaymentSheet (26.3.0):
    - StripeApplePay (= 26.3.0)
    - StripeCore (= 26.3.0)
    - StripePayments (= 26.3.0)
    - StripePaymentsUI (= 26.3.0)
  - StripePaymentsUI (26.3.0):
    - StripeCore (= 26.3.0)
    - StripePayments (= 26.3.0)
    - StripeUICore (= 26.3.0)
  - StripeUICore (26.3.0):
    - StripeCore (= 26.3.0)
  - url_launcher_ios (0.0.1):
    - Flutter

DEPENDENCIES:
  - Flutter (from `Flutter`)
  - flutter_secure_storage (from `.symlinks/plugins/flutter_secure_storage/ios`)
  - image_picker_ios (from `.symlinks/plugins/image_picker_ios/ios`)
  - stripe_ios (from `.symlinks/plugins/stripe_ios/ios`)
  - url_launcher_ios (from `.symlinks/plugins/url_launcher_ios/ios`)

SPEC REPOS:
  trunk:
    - Stripe
    - StripeApplePay
    - StripeCore
    - StripeFinancialConnections
    - StripeIssuing
    - StripePayments
    - StripePaymentSheet
    - StripePaymentsUI
    - StripeUICore

EXTERNAL SOURCES:
  Flutter:
    :path: Flutter
  flutter_secure_storage:
    :path: ".symlinks/plugins/flutter_secure_storage/ios"
  image_picker_ios:
    :path: ".symlinks/plugins/image_picker_ios/ios"
  stripe_ios:
    :path: ".symlinks/plugins/stripe_ios/ios"
  url_launcher_ios:
    :path: ".symlinks/plugins/url_launcher_ios/ios"

SPEC CHECKSUMS:
  Flutter: 71a624a5bc0c04062bf19101d501e466baf2fb47
  flutter_secure_storage: 1ed9476fba7e7a782b22888f956cce43e2c62f13
  image_picker_ios: e0ece4aa2a75771a7de3fa735d26d90817041326
  Stripe: f7091df3d8d2d3914155b46e0aa3bbb1ed1775e5
  stripe_ios: d317b7cdd5c650cd96819ebc2787743c26258fc9
  StripeApplePay: e6feafcfde92bede41fca36a3638910dc05c6d7d
  StripeCore: 38ffa3e203ed1090f577cd068322c5d23261bec4
  StripeFinancialConnections: adb8a411899b89c943cfc138566fc68305f863f3
  StripeIssuing: 1d120024eafa3d4372766cc44db571597d6507af
  StripePayments: dc15899a649453ab6d377e5fc9369799ba3d3606
  StripePaymentSheet: 3a8dd413cef611d1e025c772a1dba6535a076d9c
  StripePaymentsUI: 967de780d7683b51323934d3c1e3406cb65038f1
  StripeUICore: ed84f5c88d867aaf6da98f49641a4da27dddaab8
  url_launcher_ios: 7a95fa5b60cc718a708b8f2966718e93db0cef1b

PODFILE CHECKSUM: 601aee303d83fe6ad9260bd0234db7e27707f48f

COCOAPODS: 1.16.2
